{
  "name": "vim-debug-adapter",
  "version": "1.0.0",
  "lockfileVersion": 1,
  "requires": true,
  "dependencies": {
    "@types/node": {
      "version": "13.9.0",
      "resolved": "https://registry.npmjs.org/@types/node/-/node-13.9.0.tgz",
      "integrity": "sha512-0ARSQootUG1RljH2HncpsY2TJBfGQIKOOi7kxzUY6z54ePu/ZD+wJA8zI2Q6v8rol2qpG/rvqsReco8zNMPvhQ==",
      "dev": true
    },
    "minimist": {
      "version": "0.0.8",
      "resolved": "https://registry.npmjs.org/minimist/-/minimist-0.0.8.tgz",
      "integrity": "sha1-hX/Kv8M5fSYluCKCYuhqp6ARsF0="
    },
    "mkdirp": {
      "version": "0.5.1",
      "resolved": "https://registry.npmjs.org/mkdirp/-/mkdirp-0.5.1.tgz",
      "integrity": "sha1-MAV0OOrGz3+MR2fzhkjWaX11yQM=",
      "requires": {
        "minimist": "0.0.8"
      }
    },
    "typescript": {
      "version": "3.8.3",
      "resolved": "https://registry.npmjs.org/typescript/-/typescript-3.8.3.tgz",
      "integrity": "sha512-MYlEfn5VrLNsgudQTVJeNaQFUAI7DkhnOjdpAp4T+ku1TfQClewlbSuTVHiA+8skNBgaf02TL/kLOvig4y3G8w==",
      "dev": true
    },
    "vscode-debugadapter": {
      "version": "1.39.1",
      "resolved": "https://registry.npmjs.org/vscode-debugadapter/-/vscode-debugadapter-1.39.1.tgz",
      "integrity": "sha512-+WYpOcY0PiAEBILf6nIwbNVF8ig8gugWTKWhQ7Ds1884JXpVL336pG0xH66Nc1Z1W/KSzuXarm1gtccdwl6PKw==",
      "requires": {
        "mkdirp": "^0.5.1",
        "vscode-debugprotocol": "1.39.0"
      }
    },
    "vscode-debugprotocol": {
      "version": "1.39.0",
      "resolved": "https://registry.npmjs.org/vscode-debugprotocol/-/vscode-debugprotocol-1.39.0.tgz",
      "integrity": "sha512-Wkvgtuz90vjtQBcvw9Z+BYa4dA6W+sHwHMpqvJVNmwWSuT3JZdl0XDhZNLqtMXkVF4okxtAe0MmbupPSt+gnAQ=="
    }
  }
}
